// !$*UTF8*$!
{
	archiveVersion = 1;
	classes = {
	};
	objectVersion = 46;
	objects = {

/* Begin PBXBuildFile section */
		03346BF31AA94DCE007AF1CF /* main.m in Sources */ = {isa = PBXBuildFile; fileRef = 03346BF21AA94DCE007AF1CF /* main.m */; };
		03346BF61AA94DCE007AF1CF /* AppDelegate.m in Sources */ = {isa = PBXBuildFile; fileRef = 03346BF51AA94DCE007AF1CF /* AppDelegate.m */; };
		03346BFC1AA94DCE007AF1CF /* Main.storyboard in Resources */ = {isa = PBXBuildFile; fileRef = 03346BFA1AA94DCE007AF1CF /* Main.storyboard */; };
		03346BFE1AA94DCE007AF1CF /* Images.xcassets in Resources */ = {isa = PBXBuildFile; fileRef = 03346BFD1AA94DCE007AF1CF /* Images.xcassets */; };
		03346C011AA94DCE007AF1CF /* LaunchScreen.xib in Resources */ = {isa = PBXBuildFile; fileRef = 03346BFF1AA94DCE007AF1CF /* LaunchScreen.xib */; };
		03346C0D1AA94DCE007AF1CF /* nameEntryTests.m in Sources */ = {isa = PBXBuildFile; fileRef = 03346C0C1AA94DCE007AF1CF /* nameEntryTests.m */; };
		03A421401AB6613400A94B33 /* InputViewController.m in Sources */ = {isa = PBXBuildFile; fileRef = 03A4213F1AB6613400A94B33 /* InputViewController.m */; };
		03A421431AB66AFA00A94B33 /* TableViewController.m in Sources */ = {isa = PBXBuildFile; fileRef = 03A421421AB66AFA00A94B33 /* TableViewController.m */; };
		03D2A99F1ABB543900E3FC07 /* IVCDelegate.m in Sources */ = {isa = PBXBuildFile; fileRef = 03D2A99E1ABB543900E3FC07 /* IVCDelegate.m */; };
/* End PBXBuildFile section */

/* Begin PBXContainerItemProxy section */
		03346C071AA94DCE007AF1CF /* PBXContainerItemProxy */ = {
			isa = PBXContainerItemProxy;
			containerPortal = 03346BE51AA94DCE007AF1CF /* Project object */;
			proxyType = 1;
			remoteGlobalIDString = 03346BEC1AA94DCE007AF1CF;
			remoteInfo = nameEntry;
		};
/* End PBXContainerItemProxy section */

/* Begin PBXFileReference section */
		03346BED1AA94DCE007AF1CF /* nameEntry.app */ = {isa = PBXFileReference; explicitFileType = wrapper.application; includeInIndex = 0; path = nameEntry.app; sourceTree = BUILT_PRODUCTS_DIR; };
		03346BF11AA94DCE007AF1CF /* Info.plist */ = {isa = PBXFileReference; lastKnownFileType = text.plist.xml; path = Info.plist; sourceTree = "<group>"; };
		03346BF21AA94DCE007AF1CF /* main.m */ = {isa = PBXFileReference; lastKnownFileType = sourcecode.c.objc; path = main.m; sourceTree = "<group>"; };
		03346BF41AA94DCE007AF1CF /* AppDelegate.h */ = {isa = PBXFileReference; lastKnownFileType = sourcecode.c.h; path = AppDelegate.h; sourceTree = "<group>"; };
		03346BF51AA94DCE007AF1CF /* AppDelegate.m */ = {isa = PBXFileReference; lastKnownFileType = sourcecode.c.objc; path = AppDelegate.m; sourceTree = "<group>"; };
		03346BFB1AA94DCE007AF1CF /* Base */ = {isa = PBXFileReference; lastKnownFileType = file.storyboard; name = Base; path = Base.lproj/Main.storyboard; sourceTree = "<group>"; };
		03346BFD1AA94DCE007AF1CF /* Images.xcassets */ = {isa = PBXFileReference; lastKnownFileType = folder.assetcatalog; path = Images.xcassets; sourceTree = "<group>"; };
		03346C001AA94DCE007AF1CF /* Base */ = {isa = PBXFileReference; lastKnownFileType = file.xib; name = Base; path = Base.lproj/LaunchScreen.xib; sourceTree = "<group>"; };
		03346C061AA94DCE007AF1CF /* nameEntryTests.xctest */ = {isa = PBXFileReference; explicitFileType = wrapper.cfbundle; includeInIndex = 0; path = nameEntryTests.xctest; sourceTree = BUILT_PRODUCTS_DIR; };
		03346C0B1AA94DCE007AF1CF /* Info.plist */ = {isa = PBXFileReference; lastKnownFileType = text.plist.xml; path = Info.plist; sourceTree = "<group>"; };
		03346C0C1AA94DCE007AF1CF /* nameEntryTests.m */ = {isa = PBXFileReference; lastKnownFileType = sourcecode.c.objc; path = nameEntryTests.m; sourceTree = "<group>"; };
		03A4213E1AB6613400A94B33 /* InputViewController.h */ = {isa = PBXFileReference; fileEncoding = 4; lastKnownFileType = sourcecode.c.h; path = InputViewController.h; sourceTree = "<group>"; };
		03A4213F1AB6613400A94B33 /* InputViewController.m */ = {isa = PBXFileReference; fileEncoding = 4; lastKnownFileType = sourcecode.c.objc; path = InputViewController.m; sourceTree = "<group>"; };
		03A421411AB66AFA00A94B33 /* TableViewController.h */ = {isa = PBXFileReference; fileEncoding = 4; lastKnownFileType = sourcecode.c.h; path = TableViewController.h; sourceTree = "<group>"; };
		03A421421AB66AFA00A94B33 /* TableViewController.m */ = {isa = PBXFileReference; fileEncoding = 4; lastKnownFileType = sourcecode.c.objc; path = TableViewController.m; sourceTree = "<group>"; };
		03D2A99D1ABB543900E3FC07 /* IVCDelegate.h */ = {isa = PBXFileReference; fileEncoding = 4; lastKnownFileType = sourcecode.c.h; path = IVCDelegate.h; sourceTree = "<group>"; };
		03D2A99E1ABB543900E3FC07 /* IVCDelegate.m */ = {isa = PBXFileReference; fileEncoding = 4; lastKnownFileType = sourcecode.c.objc; path = IVCDelegate.m; sourceTree = "<group>"; };
/* End PBXFileReference section */

/* Begin PBXFrameworksBuildPhase section */
		03346BEA1AA94DCE007AF1CF /* Frameworks */ = {
			isa = PBXFrameworksBuildPhase;
			buildActionMask = 2147483647;
			files = (
			);
			runOnlyForDeploymentPostprocessing = 0;
		};
		03346C031AA94DCE007AF1CF /* Frameworks */ = {
			isa = PBXFrameworksBuildPhase;
			buildActionMask = 2147483647;
			files = (
			);
			runOnlyForDeploymentPostprocessing = 0;
		};
/* End PBXFrameworksBuildPhase section */

/* Begin PBXGroup section */
		03346BE41AA94DCE007AF1CF = {
			isa = PBXGroup;
			children = (
				03346BEF1AA94DCE007AF1CF /* nameEntry */,
				03346C091AA94DCE007AF1CF /* nameEntryTests */,
				03346BEE1AA94DCE007AF1CF /* Products */,
			);
			sourceTree = "<group>";
		};
		03346BEE1AA94DCE007AF1CF /* Products */ = {
			isa = PBXGroup;
			children = (
				03346BED1AA94DCE007AF1CF /* nameEntry.app */,
				03346C061AA94DCE007AF1CF /* nameEntryTests.xctest */,
			);
			name = Products;
			sourceTree = "<group>";
		};
		03346BEF1AA94DCE007AF1CF /* nameEntry */ = {
			isa = PBXGroup;
			children = (
				03346BF41AA94DCE007AF1CF /* AppDelegate.h */,
				03346BF51AA94DCE007AF1CF /* AppDelegate.m */,
				03346BFA1AA94DCE007AF1CF /* Main.storyboard */,
				03346BFD1AA94DCE007AF1CF /* Images.xcassets */,
				03346BFF1AA94DCE007AF1CF /* LaunchScreen.xib */,
				03346BF01AA94DCE007AF1CF /* Supporting Files */,
				03A4213E1AB6613400A94B33 /* InputViewController.h */,
				03A4213F1AB6613400A94B33 /* InputViewController.m */,
				03A421411AB66AFA00A94B33 /* TableViewController.h */,
				03A421421AB66AFA00A94B33 /* TableViewController.m */,
				03D2A99D1ABB543900E3FC07 /* IVCDelegate.h */,
				03D2A99E1ABB543900E3FC07 /* IVCDelegate.m */,
			);
			path = nameEntry;
			sourceTree = "<group>";
		};
		03346BF01AA94DCE007AF1CF /* Supporting Files */ = {
			isa = PBXGroup;
			children = (
				03346BF11AA94DCE007AF1CF /* Info.plist */,
				03346BF21AA94DCE007AF1CF /* main.m */,
			);
			name = "Supporting Files";
			sourceTree = "<group>";
		};
		03346C091AA94DCE007AF1CF /* nameEntryTests */ = {
			isa = PBXGroup;
			children = (
				03346C0C1AA94DCE007AF1CF /* nameEntryTests.m */,
				03346C0A1AA94DCE007AF1CF /* Supporting Files */,
			);
			path = nameEntryTests;
			sourceTree = "<group>";
		};
		03346C0A1AA94DCE007AF1CF /* Supporting Files */ = {
			isa = PBXGroup;
			children = (
				03346C0B1AA94DCE007AF1CF /* Info.plist */,
			);
			name = "Supporting Files";
			sourceTree = "<group>";
		};
/* End PBXGroup section */

/* Begin PBXNativeTarget section */
		03346BEC1AA94DCE007AF1CF /* nameEntry */ = {
			isa = PBXNativeTarget;
			buildConfigurationList = 03346C101AA94DCE007AF1CF /* Build configuration list for PBXNativeTarget "nameEntry" */;
			buildPhases = (
				03346BE91AA94DCE007AF1CF /* Sources */,
				03346BEA1AA94DCE007AF1CF /* Frameworks */,
				03346BEB1AA94DCE007AF1CF /* Resources */,
			);
			buildRules = (
			);
			dependencies = (
			);
			name = nameEntry;
			productName = nameEntry;
			productReference = 03346BED1AA94DCE007AF1CF /* nameEntry.app */;
			productType = "com.apple.product-type.application";
		};
		03346C051AA94DCE007AF1CF /* nameEntryTests */ = {
			isa = PBXNativeTarget;
			buildConfigurationList = 03346C131AA94DCE007AF1CF /* Build configuration list for PBXNativeTarget "nameEntryTests" */;
			buildPhases = (
				03346C021AA94DCE007AF1CF /* Sources */,
				03346C031AA94DCE007AF1CF /* Frameworks */,
				03346C041AA94DCE007AF1CF /* Resources */,
			);
			buildRules = (
			);
			dependencies = (
				03346C081AA94DCE007AF1CF /* PBXTargetDependency */,
			);
			name = nameEntryTests;
			productName = nameEntryTests;
			productReference = 03346C061AA94DCE007AF1CF /* nameEntryTests.xctest */;
			productType = "com.apple.product-type.bundle.unit-test";
		};
/* End PBXNativeTarget section */

/* Begin PBXProject section */
		03346BE51AA94DCE007AF1CF /* Project object */ = {
			isa = PBXProject;
			attributes = {
				LastUpgradeCheck = 0610;
				ORGANIZATIONNAME = french.chagrin;
				TargetAttributes = {
					03346BEC1AA94DCE007AF1CF = {
						CreatedOnToolsVersion = 6.1.1;
					};
					03346C051AA94DCE007AF1CF = {
						CreatedOnToolsVersion = 6.1.1;
						TestTargetID = 03346BEC1AA94DCE007AF1CF;
					};
				};
			};
			buildConfigurationList = 03346BE81AA94DCE007AF1CF /* Build configuration list for PBXProject "nameEntry" */;
			compatibilityVersion = "Xcode 3.2";
			developmentRegion = English;
			hasScannedForEncodings = 0;
			knownRegions = (
				en,
				Base,
			);
			mainGroup = 03346BE41AA94DCE007AF1CF;
			productRefGroup = 03346BEE1AA94DCE007AF1CF /* Products */;
			projectDirPath = "";
			projectRoot = "";
			targets = (
				03346BEC1AA94DCE007AF1CF /* nameEntry */,
				03346C051AA94DCE007AF1CF /* nameEntryTests */,
			);
		};
/* End PBXProject section */

/* Begin PBXResourcesBuildPhase section */
		03346BEB1AA94DCE007AF1CF /* Resources */ = {
			isa = PBXResourcesBuildPhase;
			buildActionMask = 2147483647;
			files = (
				03346BFC1AA94DCE007AF1CF /* Main.storyboard in Resources */,
				03346C011AA94DCE007AF1CF /* LaunchScreen.xib in Resources */,
				03346BFE1AA94DCE007AF1CF /* Images.xcassets in Resources */,
			);
			runOnlyForDeploymentPostprocessing = 0;
		};
		03346C041AA94DCE007AF1CF /* Resources */ = {
			isa = PBXResourcesBuildPhase;
			buildActionMask = 2147483647;
			files = (
			);
			runOnlyForDeploymentPostprocessing = 0;
		};
/* End PBXResourcesBuildPhase section */

/* Begin PBXSourcesBuildPhase section */
		03346BE91AA94DCE007AF1CF /* Sources */ = {
			isa = PBXSourcesBuildPhase;
			buildActionMask = 2147483647;
			files = (
				03346BF61AA94DCE007AF1CF /* AppDelegate.m in Sources */,
				03D2A99F1ABB543900E3FC07 /* IVCDelegate.m in Sources */,
				03346BF31AA94DCE007AF1CF /* main.m in Sources */,
				03A421401AB6613400A94B33 /* InputViewController.m in Sources */,
				03A421431AB66AFA00A94B33 /* TableViewController.m in Sources */,
			);
			runOnlyForDeploymentPostprocessing = 0;
		};
		03346C021AA94DCE007AF1CF /* Sources */ = {
			isa = PBXSourcesBuildPhase;
			buildActionMask = 2147483647;
			files = (
				03346C0D1AA94DCE007AF1CF /* nameEntryTests.m in Sources */,
			);
			runOnlyForDeploymentPostprocessing = 0;
		};
/* End PBXSourcesBuildPhase section */

/* Begin PBXTargetDependency section */
		03346C081AA94DCE007AF1CF /* PBXTargetDependency */ = {
			isa = PBXTargetDependency;
			target = 03346BEC1AA94DCE007AF1CF /* nameEntry */;
			targetProxy = 03346C071AA94DCE007AF1CF /* PBXContainerItemProxy */;
		};
/* End PBXTargetDependency section */

/* Begin PBXVariantGroup section */
		03346BFA1AA94DCE007AF1CF /* Main.storyboard */ = {
			isa = PBXVariantGroup;
			children = (
				03346BFB1AA94DCE007AF1CF /* Base */,
			);
			name = Main.storyboard;
			sourceTree = "<group>";
		};
		03346BFF1AA94DCE007AF1CF /* LaunchScreen.xib */ = {
			isa = PBXVariantGroup;
			children = (
				03346C001AA94DCE007AF1CF /* Base */,
			);
			name = LaunchScreen.xib;
			sourceTree = "<group>";
		};
/* End PBXVariantGroup section */

/* Begin XCBuildConfiguration section */
		03346C0E1AA94DCE007AF1CF /* Debug */ = {
			isa = XCBuildConfiguration;
			buildSettings = {
				ALWAYS_SEARCH_USER_PATHS = NO;
				CLANG_CXX_LANGUAGE_STANDARD = "gnu++0x";
				CLANG_CXX_LIBRARY = "libc++";
				CLANG_ENABLE_MODULES = YES;
				CLANG_ENABLE_OBJC_ARC = YES;
				CLANG_WARN_BOOL_CONVERSION = YES;
				CLANG_WARN_CONSTANT_CONVERSION = YES;
				CLANG_WARN_DIRECT_OBJC_ISA_USAGE = YES_ERROR;
				CLANG_WARN_EMPTY_BODY = YES;
				CLANG_WARN_ENUM_CONVERSION = YES;
				CLANG_WARN_INT_CONVERSION = YES;
				CLANG_WARN_OBJC_ROOT_CLASS = YES_ERROR;
				CLANG_WARN_UNREACHABLE_CODE = YES;
				CLANG_WARN__DUPLICATE_METHOD_MATCH = YES;
				"CODE_SIGN_IDENTITY[sdk=iphoneos*]" = "iPhone Developer";
				COPY_PHASE_STRIP = NO;
				ENABLE_STRICT_OBJC_MSGSEND = YES;
				GCC_C_LANGUAGE_STANDARD = gnu99;
				GCC_DYNAMIC_NO_PIC = NO;
				GCC_OPTIMIZATION_LEVEL = 0;
				GCC_PREPROCESSOR_DEFINITIONS = (
					"DEBUG=1",
					"$(inherited)",
				);
				GCC_SYMBOLS_PRIVATE_EXTERN = NO;
				GCC_WARN_64_TO_32_BIT_CONVERSION = YES;
				GCC_WARN_ABOUT_RETURN_TYPE = YES_ERROR;
				GCC_WARN_UNDECLARED_SELECTOR = YES;
				GCC_WARN_UNINITIALIZED_AUTOS = YES_AGGRESSIVE;
				GCC_WARN_UNUSED_FUNCTION = YES;
				GCC_WARN_UNUSED_VARIABLE = YES;
				IPHONEOS_DEPLOYMENT_TARGET = 8.1;
				MTL_ENABLE_DEBUG_INFO = YES;
				ONLY_ACTIVE_ARCH = YES;
				SDKROOT = iphoneos;
			};
			name = Debug;
		};
		03346C0F1AA94DCE007AF1CF /* Release */ = {
			isa = XCBuildConfiguration;
			buildSettings = {
				ALWAYS_SEARCH_USER_PATHS = NO;
				CLANG_CXX_LANGUAGE_STANDARD = "gnu++0x";
				CLANG_CXX_LIBRARY = "libc++";
				CLANG_ENABLE_MODULES = YES;
				CLANG_ENABLE_OBJC_ARC = YES;
				CLANG_WARN_BOOL_CONVERSION = YES;
				CLANG_WARN_CONSTANT_CONVERSION = YES;
				CLANG_WARN_DIRECT_OBJC_ISA_USAGE = YES_ERROR;
				CLANG_WARN_EMPTY_BODY = YES;
				CLANG_WARN_ENUM_CONVERSION = YES;
				CLANG_WARN_INT_CONVERSION = YES;
				CLANG_WARN_OBJC_ROOT_CLASS = YES_ERROR;
				CLANG_WARN_UNREACHABLE_CODE = YES;
				CLANG_WARN__DUPLICATE_METHOD_MATCH = YES;
				"CODE_SIGN_IDENTITY[sdk=iphoneos*]" = "iPhone Developer";
				COPY_PHASE_STRIP = YES;
				ENABLE_NS_ASSERTIONS = NO;
				ENABLE_STRICT_OBJC_MSGSEND = YES;
				GCC_C_LANGUAGE_STANDARD = gnu99;
				GCC_WARN_64_TO_32_BIT_CONVERSION = YES;
				GCC_WARN_ABOUT_RETURN_TYPE = YES_ERROR;
				GCC_WARN_UNDECLARED_SELECTOR = YES;
				GCC_WARN_UNINITIALIZED_AUTOS = YES_AGGRESSIVE;
				GCC_WARN_UNUSED_FUNCTION = YES;
				GCC_WARN_UNUSED_VARIABLE = YES;
				IPHONEOS_DEPLOYMENT_TARGET = 8.1;
				MTL_ENABLE_DEBUG_INFO = NO;
				SDKROOT = iphoneos;
				VALIDATE_PRODUCT = YES;
			};
			name = Release;
		};
		03346C111AA94DCE007AF1CF /* Debug */ = {
			isa = XCBuildConfiguration;
			buildSettings = {
				ASSETCATALOG_COMPILER_APPICON_NAME = AppIcon;
				INFOPLIST_FILE = nameEntry/Info.plist;
				LD_RUNPATH_SEARCH_PATHS = "$(inherited) @executable_path/Frameworks";
				PRODUCT_NAME = "$(TARGET_NAME)";
			};
			name = Debug;
		};
		03346C121AA94DCE007AF1CF /* Release */ = {
			isa = XCBuildConfiguration;
			buildSettings = {
				ASSETCATALOG_COMPILER_APPICON_NAME = AppIcon;
				INFOPLIST_FILE = nameEntry/Info.plist;
				LD_RUNPATH_SEARCH_PATHS = "$(inherited) @executable_path/Frameworks";
				PRODUCT_NAME = "$(TARGET_NAME)";
			};
			name = Release;
		};
		03346C141AA94DCE007AF1CF /* Debug */ = {
			isa = XCBuildConfiguration;
			buildSettings = {
				BUNDLE_LOADER = "$(TEST_HOST)";
				FRAMEWORK_SEARCH_PATHS = (
					"$(SDKROOT)/Developer/Library/Frameworks",
					"$(inherited)",
				);
				GCC_PREPROCESSOR_DEFINITIONS = (
					"DEBUG=1",
					"$(inherited)",
				);
				INFOPLIST_FILE = nameEntryTests/Info.plist;
				LD_RUNPATH_SEARCH_PATHS = "$(inherited) @executable_path/Frameworks @loader_path/Frameworks";
				PRODUCT_NAME = "$(TARGET_NAME)";
				TEST_HOST = "$(BUILT_PRODUCTS_DIR)/nameEntry.app/nameEntry";
			};
			name = Debug;
		};
		03346C151AA94DCE007AF1CF /* Release */ = {
			isa = XCBuildConfiguration;
			buildSettings = {
				BUNDLE_LOADER = "$(TEST_HOST)";
				FRAMEWORK_SEARCH_PATHS = (
					"$(SDKROOT)/Developer/Library/Frameworks",
					"$(inherited)",
				);
				INFOPLIST_FILE = nameEntryTests/Info.plist;
				LD_RUNPATH_SEARCH_PATHS = "$(inherited) @executable_path/Frameworks @loader_path/Frameworks";
				PRODUCT_NAME = "$(TARGET_NAME)";
				TEST_HOST = "$(BUILT_PRODUCTS_DIR)/nameEntry.app/nameEntry";
			};
			name = Release;
		};
/* End XCBuildConfiguration section */

/* Begin XCConfigurationList section */
		03346BE81AA94DCE007AF1CF /* Build configuration list for PBXProject "nameEntry" */ = {
			isa = XCConfigurationList;
			buildConfigurations = (
				03346C0E1AA94DCE007AF1CF /* Debug */,
				03346C0F1AA94DCE007AF1CF /* Release */,
			);
			defaultConfigurationIsVisible = 0;
			defaultConfigurationName = Release;
		};
		03346C101AA94DCE007AF1CF /* Build configuration list for PBXNativeTarget "nameEntry" */ = {
			isa = XCConfigurationList;
			buildConfigurations = (
				03346C111AA94DCE007AF1CF /* Debug */,
				03346C121AA94DCE007AF1CF /* Release */,
			);
			defaultConfigurationIsVisible = 0;
			defaultConfigurationName = Release;
		};
		03346C131AA94DCE007AF1CF /* Build configuration list for PBXNativeTarget "nameEntryTests" */ = {
			isa = XCConfigurationList;
			buildConfigurations = (
				03346C141AA94DCE007AF1CF /* Debug */,
				03346C151AA94DCE007AF1CF /* Release */,
			);
			defaultConfigurationIsVisible = 0;
			defaultConfigurationName = Release;
		};
/* End XCConfigurationList section */
	};
	rootObject = 03346BE51AA94DCE007AF1CF /* Project object */;
}
